// !$*UTF8*$!
{
	archiveVersion = 1;
	classes = {
	};
	objectVersion = 46;
	objects = {

/* Begin PBXBuildFile section */
		C184BC271961DC8F00A98B3D /* main.m in Sources */ = {isa = PBXBuildFile; fileRef = C184BC261961DC8F00A98B3D /* main.m */; };
		C184BC2A1961DC8F00A98B3D /* AppDelegate.m in Sources */ = {isa = PBXBuildFile; fileRef = C184BC291961DC8F00A98B3D /* AppDelegate.m */; };
		C184BC2D1961DC8F00A98B3D /* ViewController.m in Sources */ = {isa = PBXBuildFile; fileRef = C184BC2C1961DC8F00A98B3D /* ViewController.m */; };
		C184BC321961DC8F00A98B3D /* Images.xcassets in Resources */ = {isa = PBXBuildFile; fileRef = C184BC311961DC8F00A98B3D /* Images.xcassets */; };
		C184BC3E1961DC8F00A98B3D /* GKPermissionTests.m in Sources */ = {isa = PBXBuildFile; fileRef = C184BC3D1961DC8F00A98B3D /* GKPermissionTests.m */; };
		C1E942481961FF700079E497 /* Main.storyboard in Resources */ = {isa = PBXBuildFile; fileRef = C1E942461961FF700079E497 /* Main.storyboard */; };
		C1E9424A196201220079E497 /* Localizable.strings in Resources */ = {isa = PBXBuildFile; fileRef = C1E94249196201220079E497 /* Localizable.strings */; };
		C1E9424D1962A0EE0079E497 /* GKPhotoPermission.m in Sources */ = {isa = PBXBuildFile; fileRef = C1E9424C1962A0EE0079E497 /* GKPhotoPermission.m */; };
		C1E942501962A1270079E497 /* GKPermission.m in Sources */ = {isa = PBXBuildFile; fileRef = C1E9424F1962A1270079E497 /* GKPermission.m */; };
		C1E942531962A8FB0079E497 /* GKLocationPermission.m in Sources */ = {isa = PBXBuildFile; fileRef = C1E942521962A8FB0079E497 /* GKLocationPermission.m */; };
		C1E942551962B5450079E497 /* InfoPlist.strings in Resources */ = {isa = PBXBuildFile; fileRef = C1E942541962B5450079E497 /* InfoPlist.strings */; };
		C1E94287196322F10079E497 /* GKContactPermission.m in Sources */ = {isa = PBXBuildFile; fileRef = C1E94286196322F10079E497 /* GKContactPermission.m */; };
		C1E9428A19633FC00079E497 /* GKSocialPermissions.m in Sources */ = {isa = PBXBuildFile; fileRef = C1E9428919633FC00079E497 /* GKSocialPermissions.m */; };
		C1E9428D1963482D0079E497 /* GKNotificationPermission.m in Sources */ = {isa = PBXBuildFile; fileRef = C1E9428C1963482D0079E497 /* GKNotificationPermission.m */; };
		F53237C160724911984CD202 /* libPods-GKPermissionTests.a in Frameworks */ = {isa = PBXBuildFile; fileRef = 4C8AD2B37F7A4F9F859796ED /* libPods-GKPermissionTests.a */; };
/* End PBXBuildFile section */

/* Begin PBXContainerItemProxy section */
		C184BC381961DC8F00A98B3D /* PBXContainerItemProxy */ = {
			isa = PBXContainerItemProxy;
			containerPortal = C184BC191961DC8F00A98B3D /* Project object */;
			proxyType = 1;
			remoteGlobalIDString = C184BC201961DC8F00A98B3D;
			remoteInfo = GKPermission;
		};
/* End PBXContainerItemProxy section */

/* Begin PBXFileReference section */
		4BDDEAD98FC74CD98F919431 /* libPods.a */ = {isa = PBXFileReference; explicitFileType = archive.ar; includeInIndex = 0; path = libPods.a; sourceTree = BUILT_PRODUCTS_DIR; };
		4C8AD2B37F7A4F9F859796ED /* libPods-GKPermissionTests.a */ = {isa = PBXFileReference; explicitFileType = archive.ar; includeInIndex = 0; path = "libPods-GKPermissionTests.a"; sourceTree = BUILT_PRODUCTS_DIR; };
		79EE135099374DF1B2CEE2DE /* libPods-GKPermission.a */ = {isa = PBXFileReference; explicitFileType = archive.ar; includeInIndex = 0; path = "libPods-GKPermission.a"; sourceTree = BUILT_PRODUCTS_DIR; };
		C184BC211961DC8F00A98B3D /* GKPermission.app */ = {isa = PBXFileReference; explicitFileType = wrapper.application; includeInIndex = 0; path = GKPermission.app; sourceTree = BUILT_PRODUCTS_DIR; };
		C184BC251961DC8F00A98B3D /* Info.plist */ = {isa = PBXFileReference; lastKnownFileType = text.plist.xml; path = Info.plist; sourceTree = "<group>"; };
		C184BC261961DC8F00A98B3D /* main.m */ = {isa = PBXFileReference; lastKnownFileType = sourcecode.c.objc; path = main.m; sourceTree = "<group>"; };
		C184BC281961DC8F00A98B3D /* AppDelegate.h */ = {isa = PBXFileReference; lastKnownFileType = sourcecode.c.h; path = AppDelegate.h; sourceTree = "<group>"; };
		C184BC291961DC8F00A98B3D /* AppDelegate.m */ = {isa = PBXFileReference; lastKnownFileType = sourcecode.c.objc; path = AppDelegate.m; sourceTree = "<group>"; };
		C184BC2B1961DC8F00A98B3D /* ViewController.h */ = {isa = PBXFileReference; lastKnownFileType = sourcecode.c.h; path = ViewController.h; sourceTree = "<group>"; };
		C184BC2C1961DC8F00A98B3D /* ViewController.m */ = {isa = PBXFileReference; lastKnownFileType = sourcecode.c.objc; path = ViewController.m; sourceTree = "<group>"; };
		C184BC311961DC8F00A98B3D /* Images.xcassets */ = {isa = PBXFileReference; lastKnownFileType = folder.assetcatalog; path = Images.xcassets; sourceTree = "<group>"; };
		C184BC371961DC8F00A98B3D /* GKPermissionTests.xctest */ = {isa = PBXFileReference; explicitFileType = wrapper.cfbundle; includeInIndex = 0; path = GKPermissionTests.xctest; sourceTree = BUILT_PRODUCTS_DIR; };
		C184BC3C1961DC8F00A98B3D /* Info.plist */ = {isa = PBXFileReference; lastKnownFileType = text.plist.xml; path = Info.plist; sourceTree = "<group>"; };
		C184BC3D1961DC8F00A98B3D /* GKPermissionTests.m */ = {isa = PBXFileReference; lastKnownFileType = sourcecode.c.objc; path = GKPermissionTests.m; sourceTree = "<group>"; };
		C1E942471961FF700079E497 /* Base */ = {isa = PBXFileReference; lastKnownFileType = file.storyboard; name = Base; path = Base.lproj/Main.storyboard; sourceTree = "<group>"; };
		C1E94249196201220079E497 /* Localizable.strings */ = {isa = PBXFileReference; fileEncoding = 4; lastKnownFileType = text.plist.strings; path = Localizable.strings; sourceTree = "<group>"; };
		C1E9424B1962A0EE0079E497 /* GKPhotoPermission.h */ = {isa = PBXFileReference; fileEncoding = 4; lastKnownFileType = sourcecode.c.h; name = GKPhotoPermission.h; path = Classes/GKPhotoPermission.h; sourceTree = "<group>"; };
		C1E9424C1962A0EE0079E497 /* GKPhotoPermission.m */ = {isa = PBXFileReference; fileEncoding = 4; lastKnownFileType = sourcecode.c.objc; name = GKPhotoPermission.m; path = Classes/GKPhotoPermission.m; sourceTree = "<group>"; };
		C1E9424E1962A1270079E497 /* GKPermission.h */ = {isa = PBXFileReference; fileEncoding = 4; lastKnownFileType = sourcecode.c.h; name = GKPermission.h; path = Classes/GKPermission.h; sourceTree = "<group>"; };
		C1E9424F1962A1270079E497 /* GKPermission.m */ = {isa = PBXFileReference; fileEncoding = 4; lastKnownFileType = sourcecode.c.objc; name = GKPermission.m; path = Classes/GKPermission.m; sourceTree = "<group>"; };
		C1E942511962A8FB0079E497 /* GKLocationPermission.h */ = {isa = PBXFileReference; fileEncoding = 4; lastKnownFileType = sourcecode.c.h; name = GKLocationPermission.h; path = Classes/GKLocationPermission.h; sourceTree = "<group>"; };
		C1E942521962A8FB0079E497 /* GKLocationPermission.m */ = {isa = PBXFileReference; fileEncoding = 4; lastKnownFileType = sourcecode.c.objc; name = GKLocationPermission.m; path = Classes/GKLocationPermission.m; sourceTree = "<group>"; };
		C1E942541962B5450079E497 /* InfoPlist.strings */ = {isa = PBXFileReference; fileEncoding = 4; lastKnownFileType = text.plist.strings; path = InfoPlist.strings; sourceTree = "<group>"; };
		C1E94285196322F10079E497 /* GKContactPermission.h */ = {isa = PBXFileReference; fileEncoding = 4; lastKnownFileType = sourcecode.c.h; name = GKContactPermission.h; path = Classes/GKContactPermission.h; sourceTree = "<group>"; };
		C1E94286196322F10079E497 /* GKContactPermission.m */ = {isa = PBXFileReference; fileEncoding = 4; lastKnownFileType = sourcecode.c.objc; name = GKContactPermission.m; path = Classes/GKContactPermission.m; sourceTree = "<group>"; };
		C1E9428819633FC00079E497 /* GKSocialPermissions.h */ = {isa = PBXFileReference; fileEncoding = 4; lastKnownFileType = sourcecode.c.h; name = GKSocialPermissions.h; path = Classes/GKSocialPermissions.h; sourceTree = "<group>"; };
		C1E9428919633FC00079E497 /* GKSocialPermissions.m */ = {isa = PBXFileReference; fileEncoding = 4; lastKnownFileType = sourcecode.c.objc; name = GKSocialPermissions.m; path = Classes/GKSocialPermissions.m; sourceTree = "<group>"; };
		C1E9428B1963482D0079E497 /* GKNotificationPermission.h */ = {isa = PBXFileReference; fileEncoding = 4; lastKnownFileType = sourcecode.c.h; name = GKNotificationPermission.h; path = Classes/GKNotificationPermission.h; sourceTree = "<group>"; };
		C1E9428C1963482D0079E497 /* GKNotificationPermission.m */ = {isa = PBXFileReference; fileEncoding = 4; lastKnownFileType = sourcecode.c.objc; name = GKNotificationPermission.m; path = Classes/GKNotificationPermission.m; sourceTree = "<group>"; };
/* End PBXFileReference section */

/* Begin PBXFrameworksBuildPhase section */
		C184BC1E1961DC8F00A98B3D /* Frameworks */ = {
			isa = PBXFrameworksBuildPhase;
			buildActionMask = 2147483647;
			files = (
			);
			runOnlyForDeploymentPostprocessing = 0;
		};
		C184BC341961DC8F00A98B3D /* Frameworks */ = {
			isa = PBXFrameworksBuildPhase;
			buildActionMask = 2147483647;
			files = (
				F53237C160724911984CD202 /* libPods-GKPermissionTests.a in Frameworks */,
			);
			runOnlyForDeploymentPostprocessing = 0;
		};
/* End PBXFrameworksBuildPhase section */

/* Begin PBXGroup section */
		25ABF3CB296D4B7D951D063B /* Frameworks */ = {
			isa = PBXGroup;
			children = (
				79EE135099374DF1B2CEE2DE /* libPods-GKPermission.a */,
				4C8AD2B37F7A4F9F859796ED /* libPods-GKPermissionTests.a */,
				4BDDEAD98FC74CD98F919431 /* libPods.a */,
			);
			name = Frameworks;
			sourceTree = "<group>";
		};
		C172E9CB1961DDE700C1B77E /* Classes */ = {
			isa = PBXGroup;
			children = (
				C1E9424E1962A1270079E497 /* GKPermission.h */,
				C1E9424F1962A1270079E497 /* GKPermission.m */,
				C1E9424B1962A0EE0079E497 /* GKPhotoPermission.h */,
				C1E9424C1962A0EE0079E497 /* GKPhotoPermission.m */,
				C1E942511962A8FB0079E497 /* GKLocationPermission.h */,
				C1E942521962A8FB0079E497 /* GKLocationPermission.m */,
				C1E94285196322F10079E497 /* GKContactPermission.h */,
				C1E94286196322F10079E497 /* GKContactPermission.m */,
				C1E9428819633FC00079E497 /* GKSocialPermissions.h */,
				C1E9428919633FC00079E497 /* GKSocialPermissions.m */,
				C1E9428B1963482D0079E497 /* GKNotificationPermission.h */,
				C1E9428C1963482D0079E497 /* GKNotificationPermission.m */,
				C1E94249196201220079E497 /* Localizable.strings */,
			);
			name = Classes;
			sourceTree = "<group>";
		};
		C184BC181961DC8F00A98B3D = {
			isa = PBXGroup;
			children = (
				C172E9CB1961DDE700C1B77E /* Classes */,
				C184BC231961DC8F00A98B3D /* GKPermission */,
				C184BC3A1961DC8F00A98B3D /* GKPermissionTests */,
				C184BC221961DC8F00A98B3D /* Products */,
				25ABF3CB296D4B7D951D063B /* Frameworks */,
			);
			sourceTree = "<group>";
		};
		C184BC221961DC8F00A98B3D /* Products */ = {
			isa = PBXGroup;
			children = (
				C184BC211961DC8F00A98B3D /* GKPermission.app */,
				C184BC371961DC8F00A98B3D /* GKPermissionTests.xctest */,
			);
			name = Products;
			sourceTree = "<group>";
		};
		C184BC231961DC8F00A98B3D /* GKPermission */ = {
			isa = PBXGroup;
			children = (
				C184BC281961DC8F00A98B3D /* AppDelegate.h */,
				C184BC291961DC8F00A98B3D /* AppDelegate.m */,
				C184BC2B1961DC8F00A98B3D /* ViewController.h */,
				C184BC2C1961DC8F00A98B3D /* ViewController.m */,
				C1E942461961FF700079E497 /* Main.storyboard */,
				C184BC311961DC8F00A98B3D /* Images.xcassets */,
				C184BC241961DC8F00A98B3D /* Supporting Files */,
			);
			path = GKPermission;
			sourceTree = "<group>";
		};
		C184BC241961DC8F00A98B3D /* Supporting Files */ = {
			isa = PBXGroup;
			children = (
				C184BC251961DC8F00A98B3D /* Info.plist */,
				C1E942541962B5450079E497 /* InfoPlist.strings */,
				C184BC261961DC8F00A98B3D /* main.m */,
			);
			name = "Supporting Files";
			sourceTree = "<group>";
		};
		C184BC3A1961DC8F00A98B3D /* GKPermissionTests */ = {
			isa = PBXGroup;
			children = (
				C184BC3D1961DC8F00A98B3D /* GKPermissionTests.m */,
				C184BC3B1961DC8F00A98B3D /* Supporting Files */,
			);
			path = GKPermissionTests;
			sourceTree = "<group>";
		};
		C184BC3B1961DC8F00A98B3D /* Supporting Files */ = {
			isa = PBXGroup;
			children = (
				C184BC3C1961DC8F00A98B3D /* Info.plist */,
			);
			name = "Supporting Files";
			sourceTree = "<group>";
		};
/* End PBXGroup section */

/* Begin PBXNativeTarget section */
		C184BC201961DC8F00A98B3D /* GKPermission */ = {
			isa = PBXNativeTarget;
			buildConfigurationList = C184BC411961DC8F00A98B3D /* Build configuration list for PBXNativeTarget "GKPermission" */;
			buildPhases = (
				C184BC1D1961DC8F00A98B3D /* Sources */,
				C184BC1E1961DC8F00A98B3D /* Frameworks */,
				C184BC1F1961DC8F00A98B3D /* Resources */,
			);
			buildRules = (
			);
			dependencies = (
			);
			name = GKPermission;
			productName = GKPermission;
			productReference = C184BC211961DC8F00A98B3D /* GKPermission.app */;
			productType = "com.apple.product-type.application";
		};
		C184BC361961DC8F00A98B3D /* GKPermissionTests */ = {
			isa = PBXNativeTarget;
			buildConfigurationList = C184BC441961DC8F00A98B3D /* Build configuration list for PBXNativeTarget "GKPermissionTests" */;
			buildPhases = (
				85D756751B474E1AB89A8B1B /* Check Pods Manifest.lock */,
				C184BC331961DC8F00A98B3D /* Sources */,
				C184BC341961DC8F00A98B3D /* Frameworks */,
				C184BC351961DC8F00A98B3D /* Resources */,
				F401EE52F1A8402DAC2B7FC1 /* Copy Pods Resources */,
			);
			buildRules = (
			);
			dependencies = (
				C184BC391961DC8F00A98B3D /* PBXTargetDependency */,
			);
			name = GKPermissionTests;
			productName = GKPermissionTests;
			productReference = C184BC371961DC8F00A98B3D /* GKPermissionTests.xctest */;
			productType = "com.apple.product-type.bundle.unit-test";
		};
/* End PBXNativeTarget section */

/* Begin PBXProject section */
		C184BC191961DC8F00A98B3D /* Project object */ = {
			isa = PBXProject;
			attributes = {
				LastUpgradeCheck = 0600;
				ORGANIZATIONNAME = "Aurora Apps";
				TargetAttributes = {
					C184BC201961DC8F00A98B3D = {
						CreatedOnToolsVersion = 6.0;
						SystemCapabilities = {
							com.apple.BackgroundModes = {
								enabled = 1;
							};
						};
					};
					C184BC361961DC8F00A98B3D = {
						CreatedOnToolsVersion = 6.0;
						TestTargetID = C184BC201961DC8F00A98B3D;
					};
				};
			};
			buildConfigurationList = C184BC1C1961DC8F00A98B3D /* Build configuration list for PBXProject "GKPermission" */;
			compatibilityVersion = "Xcode 3.2";
			developmentRegion = English;
			hasScannedForEncodings = 0;
			knownRegions = (
				en,
				Base,
			);
			mainGroup = C184BC181961DC8F00A98B3D;
			productRefGroup = C184BC221961DC8F00A98B3D /* Products */;
			projectDirPath = "";
			projectRoot = "";
			targets = (
				C184BC201961DC8F00A98B3D /* GKPermission */,
				C184BC361961DC8F00A98B3D /* GKPermissionTests */,
			);
		};
/* End PBXProject section */

/* Begin PBXResourcesBuildPhase section */
		C184BC1F1961DC8F00A98B3D /* Resources */ = {
			isa = PBXResourcesBuildPhase;
			buildActionMask = 2147483647;
			files = (
				C184BC321961DC8F00A98B3D /* Images.xcassets in Resources */,
				C1E942551962B5450079E497 /* InfoPlist.strings in Resources */,
				C1E9424A196201220079E497 /* Localizable.strings in Resources */,
				C1E942481961FF700079E497 /* Main.storyboard in Resources */,
			);
			runOnlyForDeploymentPostprocessing = 0;
		};
		C184BC351961DC8F00A98B3D /* Resources */ = {
			isa = PBXResourcesBuildPhase;
			buildActionMask = 2147483647;
			files = (
			);
			runOnlyForDeploymentPostprocessing = 0;
		};
/* End PBXResourcesBuildPhase section */

/* Begin PBXShellScriptBuildPhase section */
		85D756751B474E1AB89A8B1B /* Check Pods Manifest.lock */ = {
			isa = PBXShellScriptBuildPhase;
			buildActionMask = 2147483647;
			files = (
			);
			inputPaths = (
			);
			name = "Check Pods Manifest.lock";
			outputPaths = (
			);
			runOnlyForDeploymentPostprocessing = 0;
			shellPath = /bin/sh;
			shellScript = "diff \"${PODS_ROOT}/../Podfile.lock\" \"${PODS_ROOT}/Manifest.lock\" > /dev/null\nif [[ $? != 0 ]] ; then\n    cat << EOM\nerror: The sandbox is not in sync with the Podfile.lock. Run 'pod install' or update your CocoaPods installation.\nEOM\n    exit 1\nfi\n";
			showEnvVarsInLog = 0;
		};
		F401EE52F1A8402DAC2B7FC1 /* Copy Pods Resources */ = {
			isa = PBXShellScriptBuildPhase;
			buildActionMask = 2147483647;
			files = (
			);
			inputPaths = (
			);
			name = "Copy Pods Resources";
			outputPaths = (
			);
			runOnlyForDeploymentPostprocessing = 0;
			shellPath = /bin/sh;
			shellScript = "\"${SRCROOT}/Pods/Pods-GKPermissionTests-resources.sh\"\n";
			showEnvVarsInLog = 0;
		};
/* End PBXShellScriptBuildPhase section */

/* Begin PBXSourcesBuildPhase section */
		C184BC1D1961DC8F00A98B3D /* Sources */ = {
			isa = PBXSourcesBuildPhase;
			buildActionMask = 2147483647;
			files = (
				C184BC2D1961DC8F00A98B3D /* ViewController.m in Sources */,
				C1E9424D1962A0EE0079E497 /* GKPhotoPermission.m in Sources */,
				C1E9428A19633FC00079E497 /* GKSocialPermissions.m in Sources */,
				C184BC2A1961DC8F00A98B3D /* AppDelegate.m in Sources */,
				C1E942531962A8FB0079E497 /* GKLocationPermission.m in Sources */,
				C184BC271961DC8F00A98B3D /* main.m in Sources */,
				C1E9428D1963482D0079E497 /* GKNotificationPermission.m in Sources */,
				C1E942501962A1270079E497 /* GKPermission.m in Sources */,
				C1E94287196322F10079E497 /* GKContactPermission.m in Sources */,
			);
			runOnlyForDeploymentPostprocessing = 0;
		};
		C184BC331961DC8F00A98B3D /* Sources */ = {
			isa = PBXSourcesBuildPhase;
			buildActionMask = 2147483647;
			files = (
				C184BC3E1961DC8F00A98B3D /* GKPermissionTests.m in Sources */,
			);
			runOnlyForDeploymentPostprocessing = 0;
		};
/* End PBXSourcesBuildPhase section */

/* Begin PBXTargetDependency section */
		C184BC391961DC8F00A98B3D /* PBXTargetDependency */ = {
			isa = PBXTargetDependency;
			target = C184BC201961DC8F00A98B3D /* GKPermission */;
			targetProxy = C184BC381961DC8F00A98B3D /* PBXContainerItemProxy */;
		};
/* End PBXTargetDependency section */

/* Begin PBXVariantGroup section */
		C1E942461961FF700079E497 /* Main.storyboard */ = {
			isa = PBXVariantGroup;
			children = (
				C1E942471961FF700079E497 /* Base */,
			);
			name = Main.storyboard;
			sourceTree = "<group>";
		};
/* End PBXVariantGroup section */

/* Begin XCBuildConfiguration section */
		C184BC3F1961DC8F00A98B3D /* Debug */ = {
			isa = XCBuildConfiguration;
			buildSettings = {
				ALWAYS_SEARCH_USER_PATHS = NO;
				CLANG_CXX_LANGUAGE_STANDARD = "gnu++0x";
				CLANG_CXX_LIBRARY = "libc++";
				CLANG_ENABLE_MODULES = YES;
				CLANG_ENABLE_OBJC_ARC = YES;
				CLANG_WARN_BOOL_CONVERSION = YES;
				CLANG_WARN_CONSTANT_CONVERSION = YES;
				CLANG_WARN_DIRECT_OBJC_ISA_USAGE = YES_ERROR;
				CLANG_WARN_EMPTY_BODY = YES;
				CLANG_WARN_ENUM_CONVERSION = YES;
				CLANG_WARN_INT_CONVERSION = YES;
				CLANG_WARN_OBJC_ROOT_CLASS = YES_ERROR;
				CLANG_WARN_UNREACHABLE_CODE = YES;
				CLANG_WARN__DUPLICATE_METHOD_MATCH = YES;
				"CODE_SIGN_IDENTITY[sdk=iphoneos*]" = "iPhone Developer";
				COPY_PHASE_STRIP = NO;
				ENABLE_STRICT_OBJC_MSGSEND = YES;
				GCC_C_LANGUAGE_STANDARD = gnu99;
				GCC_DYNAMIC_NO_PIC = NO;
				GCC_OPTIMIZATION_LEVEL = 0;
				GCC_PREPROCESSOR_DEFINITIONS = (
					"DEBUG=1",
					"$(inherited)",
				);
				GCC_SYMBOLS_PRIVATE_EXTERN = NO;
				GCC_WARN_64_TO_32_BIT_CONVERSION = YES;
				GCC_WARN_ABOUT_RETURN_TYPE = YES_ERROR;
				GCC_WARN_UNDECLARED_SELECTOR = YES;
				GCC_WARN_UNINITIALIZED_AUTOS = YES_AGGRESSIVE;
				GCC_WARN_UNUSED_FUNCTION = YES;
				GCC_WARN_UNUSED_VARIABLE = YES;
				IPHONEOS_DEPLOYMENT_TARGET = 8.0;
				METAL_ENABLE_DEBUG_INFO = YES;
				ONLY_ACTIVE_ARCH = YES;
				SDKROOT = iphoneos;
			};
			name = Debug;
		};
		C184BC401961DC8F00A98B3D /* Release */ = {
			isa = XCBuildConfiguration;
			buildSettings = {
				ALWAYS_SEARCH_USER_PATHS = NO;
				CLANG_CXX_LANGUAGE_STANDARD = "gnu++0x";
				CLANG_CXX_LIBRARY = "libc++";
				CLANG_ENABLE_MODULES = YES;
				CLANG_ENABLE_OBJC_ARC = YES;
				CLANG_WARN_BOOL_CONVERSION = YES;
				CLANG_WARN_CONSTANT_CONVERSION = YES;
				CLANG_WARN_DIRECT_OBJC_ISA_USAGE = YES_ERROR;
				CLANG_WARN_EMPTY_BODY = YES;
				CLANG_WARN_ENUM_CONVERSION = YES;
				CLANG_WARN_INT_CONVERSION = YES;
				CLANG_WARN_OBJC_ROOT_CLASS = YES_ERROR;
				CLANG_WARN_UNREACHABLE_CODE = YES;
				CLANG_WARN__DUPLICATE_METHOD_MATCH = YES;
				"CODE_SIGN_IDENTITY[sdk=iphoneos*]" = "iPhone Developer";
				COPY_PHASE_STRIP = YES;
				ENABLE_NS_ASSERTIONS = NO;
				ENABLE_STRICT_OBJC_MSGSEND = YES;
				GCC_C_LANGUAGE_STANDARD = gnu99;
				GCC_WARN_64_TO_32_BIT_CONVERSION = YES;
				GCC_WARN_ABOUT_RETURN_TYPE = YES_ERROR;
				GCC_WARN_UNDECLARED_SELECTOR = YES;
				GCC_WARN_UNINITIALIZED_AUTOS = YES_AGGRESSIVE;
				GCC_WARN_UNUSED_FUNCTION = YES;
				GCC_WARN_UNUSED_VARIABLE = YES;
				IPHONEOS_DEPLOYMENT_TARGET = 8.0;
				METAL_ENABLE_DEBUG_INFO = NO;
				SDKROOT = iphoneos;
				VALIDATE_PRODUCT = YES;
			};
			name = Release;
		};
		C184BC421961DC8F00A98B3D /* Debug */ = {
			isa = XCBuildConfiguration;
			buildSettings = {
				ASSETCATALOG_COMPILER_APPICON_NAME = AppIcon;
				ASSETCATALOG_COMPILER_LAUNCHIMAGE_NAME = LaunchImage;
				INFOPLIST_FILE = GKPermission/Info.plist;
				IPHONEOS_DEPLOYMENT_TARGET = 7.1;
				LD_RUNPATH_SEARCH_PATHS = "$(inherited) @executable_path/Frameworks";
				PRODUCT_NAME = "$(TARGET_NAME)";
			};
			name = Debug;
		};
		C184BC431961DC8F00A98B3D /* Release */ = {
			isa = XCBuildConfiguration;
			buildSettings = {
				ASSETCATALOG_COMPILER_APPICON_NAME = AppIcon;
				ASSETCATALOG_COMPILER_LAUNCHIMAGE_NAME = LaunchImage;
				INFOPLIST_FILE = GKPermission/Info.plist;
				IPHONEOS_DEPLOYMENT_TARGET = 7.1;
				LD_RUNPATH_SEARCH_PATHS = "$(inherited) @executable_path/Frameworks";
				PRODUCT_NAME = "$(TARGET_NAME)";
			};
			name = Release;
		};
		C184BC451961DC8F00A98B3D /* Debug */ = {
			isa = XCBuildConfiguration;
			buildSettings = {
				BUNDLE_LOADER = "$(BUILT_PRODUCTS_DIR)/GKPermission.app/GKPermission";
				FRAMEWORK_SEARCH_PATHS = (
					"$(SDKROOT)/Developer/Library/Frameworks",
					"$(inherited)",
				);
				GCC_PREPROCESSOR_DEFINITIONS = (
					"DEBUG=1",
					"$(inherited)",
				);
				INFOPLIST_FILE = GKPermissionTests/Info.plist;
				LD_RUNPATH_SEARCH_PATHS = "$(inherited) @executable_path/Frameworks @loader_path/Frameworks";
				METAL_ENABLE_DEBUG_INFO = YES;
				PRODUCT_NAME = "$(TARGET_NAME)";
				TEST_HOST = "$(BUNDLE_LOADER)";
			};
			name = Debug;
		};
		C184BC461961DC8F00A98B3D /* Release */ = {
			isa = XCBuildConfiguration;
			buildSettings = {
				BUNDLE_LOADER = "$(BUILT_PRODUCTS_DIR)/GKPermission.app/GKPermission";
				FRAMEWORK_SEARCH_PATHS = (
					"$(SDKROOT)/Developer/Library/Frameworks",
					"$(inherited)",
				);
				INFOPLIST_FILE = GKPermissionTests/Info.plist;
				LD_RUNPATH_SEARCH_PATHS = "$(inherited) @executable_path/Frameworks @loader_path/Frameworks";
				METAL_ENABLE_DEBUG_INFO = NO;
				PRODUCT_NAME = "$(TARGET_NAME)";
				TEST_HOST = "$(BUNDLE_LOADER)";
			};
			name = Release;
		};
/* End XCBuildConfiguration section */

/* Begin XCConfigurationList section */
		C184BC1C1961DC8F00A98B3D /* Build configuration list for PBXProject "GKPermission" */ = {
			isa = XCConfigurationList;
			buildConfigurations = (
				C184BC3F1961DC8F00A98B3D /* Debug */,
				C184BC401961DC8F00A98B3D /* Release */,
			);
			defaultConfigurationIsVisible = 0;
			defaultConfigurationName = Release;
		};
		C184BC411961DC8F00A98B3D /* Build configuration list for PBXNativeTarget "GKPermission" */ = {
			isa = XCConfigurationList;
			buildConfigurations = (
				C184BC421961DC8F00A98B3D /* Debug */,
				C184BC431961DC8F00A98B3D /* Release */,
			);
			defaultConfigurationIsVisible = 0;
			defaultConfigurationName = Release;
		};
		C184BC441961DC8F00A98B3D /* Build configuration list for PBXNativeTarget "GKPermissionTests" */ = {
			isa = XCConfigurationList;
			buildConfigurations = (
				C184BC451961DC8F00A98B3D /* Debug */,
				C184BC461961DC8F00A98B3D /* Release */,
			);
			defaultConfigurationIsVisible = 0;
			defaultConfigurationName = Release;
		};
/* End XCConfigurationList section */
	};
	rootObject = C184BC191961DC8F00A98B3D /* Project object */;
}
